// !$*UTF8*$!
{
	archiveVersion = 1;
	classes = {
	};
	objectVersion = 46;
	objects = {

/* Begin PBXBuildFile section */
		7AF0A1A0175747C7007F3E71 /* NSMutableArray+Shuffling.m in Sources */ = {isa = PBXBuildFile; fileRef = 7AF0A19F175747C7007F3E71 /* NSMutableArray+Shuffling.m */; };
		7AFFF84B174FCC7000C1D4D8 /* UIKit.framework in Frameworks */ = {isa = PBXBuildFile; fileRef = 7AFFF84A174FCC7000C1D4D8 /* UIKit.framework */; };
		7AFFF84D174FCC7000C1D4D8 /* Foundation.framework in Frameworks */ = {isa = PBXBuildFile; fileRef = 7AFFF84C174FCC7000C1D4D8 /* Foundation.framework */; };
		7AFFF84F174FCC7000C1D4D8 /* CoreGraphics.framework in Frameworks */ = {isa = PBXBuildFile; fileRef = 7AFFF84E174FCC7000C1D4D8 /* CoreGraphics.framework */; };
		7AFFF855174FCC7000C1D4D8 /* InfoPlist.strings in Resources */ = {isa = PBXBuildFile; fileRef = 7AFFF853174FCC7000C1D4D8 /* InfoPlist.strings */; };
		7AFFF857174FCC7000C1D4D8 /* main.m in Sources */ = {isa = PBXBuildFile; fileRef = 7AFFF856174FCC7000C1D4D8 /* main.m */; };
		7AFFF85D174FCC7000C1D4D8 /* Default.png in Resources */ = {isa = PBXBuildFile; fileRef = 7AFFF85C174FCC7000C1D4D8 /* Default.png */; };
		7AFFF85F174FCC7000C1D4D8 /* Default@2x.png in Resources */ = {isa = PBXBuildFile; fileRef = 7AFFF85E174FCC7000C1D4D8 /* Default@2x.png */; };
		7AFFF861174FCC7000C1D4D8 /* Default-568h@2x.png in Resources */ = {isa = PBXBuildFile; fileRef = 7AFFF860174FCC7000C1D4D8 /* Default-568h@2x.png */; };
		7AFFF864174FCC7000C1D4D8 /* MainStoryboard.storyboard in Resources */ = {isa = PBXBuildFile; fileRef = 7AFFF862174FCC7000C1D4D8 /* MainStoryboard.storyboard */; };
		7AFFF877174FCE6F00C1D4D8 /* AppDelegate.m in Sources */ = {isa = PBXBuildFile; fileRef = 7AFFF873174FCE6F00C1D4D8 /* AppDelegate.m */; };
		7AFFF878174FCE6F00C1D4D8 /* TopViewController.m in Sources */ = {isa = PBXBuildFile; fileRef = 7AFFF876174FCE6F00C1D4D8 /* TopViewController.m */; };
		7AFFF87B174FCEE900C1D4D8 /* CategoryListViewController.m in Sources */ = {isa = PBXBuildFile; fileRef = 7AFFF87A174FCEE900C1D4D8 /* CategoryListViewController.m */; };
		7AFFF87F174FCF9600C1D4D8 /* CategoryList.plist in Resources */ = {isa = PBXBuildFile; fileRef = 7AFFF87E174FCF9600C1D4D8 /* CategoryList.plist */; };
		7AFFF883174FD01900C1D4D8 /* PlistHelper.m in Sources */ = {isa = PBXBuildFile; fileRef = 7AFFF882174FD01900C1D4D8 /* PlistHelper.m */; };
		7AFFF887174FD0D300C1D4D8 /* CategoryListCell.m in Sources */ = {isa = PBXBuildFile; fileRef = 7AFFF886174FD0D300C1D4D8 /* CategoryListCell.m */; };
		7AFFF889174FD0FB00C1D4D8 /* CategoryListCell.xib in Resources */ = {isa = PBXBuildFile; fileRef = 7AFFF888174FD0FB00C1D4D8 /* CategoryListCell.xib */; };
		7AFFF88D174FD71900C1D4D8 /* SportCategory_1.plist in Resources */ = {isa = PBXBuildFile; fileRef = 7AFFF88C174FD71900C1D4D8 /* SportCategory_1.plist */; };
		7AFFF890174FDC0200C1D4D8 /* TriviaViewController.m in Sources */ = {isa = PBXBuildFile; fileRef = 7AFFF88F174FDC0200C1D4D8 /* TriviaViewController.m */; };
		7AFFF892174FDE3500C1D4D8 /* SportCategoryAnswer_1.plist in Resources */ = {isa = PBXBuildFile; fileRef = 7AFFF891174FDE3500C1D4D8 /* SportCategoryAnswer_1.plist */; };
		C35ECD7A17549C4700EE371B /* buttonImage.png in Resources */ = {isa = PBXBuildFile; fileRef = C35ECD7817549C4700EE371B /* buttonImage.png */; };
		C35ECD7B17549C4700EE371B /* categoryImages_back.png in Resources */ = {isa = PBXBuildFile; fileRef = C35ECD7917549C4700EE371B /* categoryImages_back.png */; };
		C35ECD9417549FDF00EE371B /* jamal_crawford.png in Resources */ = {isa = PBXBuildFile; fileRef = C35ECD7C17549FDF00EE371B /* jamal_crawford.png */; };
		C35ECD9517549FDF00EE371B /* patrick_ewing.png in Resources */ = {isa = PBXBuildFile; fileRef = C35ECD7D17549FDF00EE371B /* patrick_ewing.png */; };
		C35ECD9617549FDF00EE371B /* stephon_marbury.png in Resources */ = {isa = PBXBuildFile; fileRef = C35ECD7E17549FDF00EE371B /* stephon_marbury.png */; };
		C35ECD9717549FDF00EE371B /* willis_reed.png in Resources */ = {isa = PBXBuildFile; fileRef = C35ECD7F17549FDF00EE371B /* willis_reed.png */; };
		C35ECD9817549FDF00EE371B /* artis_gilmore.png in Resources */ = {isa = PBXBuildFile; fileRef = C35ECD8017549FDF00EE371B /* artis_gilmore.png */; };
		C35ECD9917549FDF00EE371B /* bob_love.png in Resources */ = {isa = PBXBuildFile; fileRef = C35ECD8117549FDF00EE371B /* bob_love.png */; };
		C35ECD9A17549FDF00EE371B /* horace_grant.png in Resources */ = {isa = PBXBuildFile; fileRef = C35ECD8217549FDF00EE371B /* horace_grant.png */; };
		C35ECD9B17549FDF00EE371B /* jerry_sloan.png in Resources */ = {isa = PBXBuildFile; fileRef = C35ECD8317549FDF00EE371B /* jerry_sloan.png */; };
		C35ECD9C17549FDF00EE371B /* boris_diaw.png in Resources */ = {isa = PBXBuildFile; fileRef = C35ECD8417549FDF00EE371B /* boris_diaw.png */; };
		C35ECD9D17549FDF00EE371B /* dj_augustin.png in Resources */ = {isa = PBXBuildFile; fileRef = C35ECD8517549FDF00EE371B /* dj_augustin.png */; };
		C35ECD9E17549FDF00EE371B /* raymond_felton.png in Resources */ = {isa = PBXBuildFile; fileRef = C35ECD8617549FDF00EE371B /* raymond_felton.png */; };
		C35ECD9F17549FDF00EE371B /* stephen_jackson.png in Resources */ = {isa = PBXBuildFile; fileRef = C35ECD8717549FDF00EE371B /* stephen_jackson.png */; };
		C35ECDA017549FDF00EE371B /* austin_carr.png in Resources */ = {isa = PBXBuildFile; fileRef = C35ECD8817549FDF00EE371B /* austin_carr.png */; };
		C35ECDA117549FDF00EE371B /* brad_daugherty.png in Resources */ = {isa = PBXBuildFile; fileRef = C35ECD8917549FDF00EE371B /* brad_daugherty.png */; };
		C35ECDA217549FDF00EE371B /* larry_nance.png in Resources */ = {isa = PBXBuildFile; fileRef = C35ECD8A17549FDF00EE371B /* larry_nance.png */; };
		C35ECDA317549FDF00EE371B /* mark_price.png in Resources */ = {isa = PBXBuildFile; fileRef = C35ECD8B17549FDF00EE371B /* mark_price.png */; };
		C35ECDA417549FDF00EE371B /* dave_cowens.png in Resources */ = {isa = PBXBuildFile; fileRef = C35ECD8C17549FDF00EE371B /* dave_cowens.png */; };
		C35ECDA517549FDF00EE371B /* john_havlicek.png in Resources */ = {isa = PBXBuildFile; fileRef = C35ECD8D17549FDF00EE371B /* john_havlicek.png */; };
		C35ECDA617549FDF00EE371B /* kevin_mchale.png in Resources */ = {isa = PBXBuildFile; fileRef = C35ECD8E17549FDF00EE371B /* kevin_mchale.png */; };
		C35ECDA717549FDF00EE371B /* robert_parish.png in Resources */ = {isa = PBXBuildFile; fileRef = C35ECD8F17549FDF00EE371B /* robert_parish.png */; };
		C35ECDA817549FDF00EE371B /* bob_pettit.png in Resources */ = {isa = PBXBuildFile; fileRef = C35ECD9017549FDF00EE371B /* bob_pettit.png */; };
		C35ECDA917549FDF00EE371B /* dominique_wilkins.png in Resources */ = {isa = PBXBuildFile; fileRef = C35ECD9117549FDF00EE371B /* dominique_wilkins.png */; };
		C35ECDAA17549FDF00EE371B /* lou_hudson.png in Resources */ = {isa = PBXBuildFile; fileRef = C35ECD9217549FDF00EE371B /* lou_hudson.png */; };
		C35ECDAB17549FDF00EE371B /* shareef.png in Resources */ = {isa = PBXBuildFile; fileRef = C35ECD9317549FDF00EE371B /* shareef.png */; };
		C35ECDAF1754A09900EE371B /* allan_houston.png in Resources */ = {isa = PBXBuildFile; fileRef = C35ECDAC1754A09900EE371B /* allan_houston.png */; };
		C35ECDB01754A09900EE371B /* david_lee.png in Resources */ = {isa = PBXBuildFile; fileRef = C35ECDAD1754A09900EE371B /* david_lee.png */; };
		C35ECDB11754A09900EE371B /* kurt_thomas.png in Resources */ = {isa = PBXBuildFile; fileRef = C35ECDAE1754A09900EE371B /* kurt_thomas.png */; };
		C35ECDB61754A4E600EE371B /* ben_wallace.png in Resources */ = {isa = PBXBuildFile; fileRef = C35ECDB21754A4E500EE371B /* ben_wallace.png */; };
		C35ECDB71754A4E600EE371B /* grant_hill.png in Resources */ = {isa = PBXBuildFile; fileRef = C35ECDB31754A4E500EE371B /* grant_hill.png */; };
		C35ECDB81754A4E600EE371B /* isiah_thomas.png in Resources */ = {isa = PBXBuildFile; fileRef = C35ECDB41754A4E500EE371B /* isiah_thomas.png */; };
		C35ECDB91754A4E600EE371B /* richard_hamilton.png in Resources */ = {isa = PBXBuildFile; fileRef = C35ECDB51754A4E600EE371B /* richard_hamilton.png */; };
		C35ECDBC1754A5AB00EE371B /* chauncey_billups.png in Resources */ = {isa = PBXBuildFile; fileRef = C35ECDBA1754A5AA00EE371B /* chauncey_billups.png */; };
		C35ECDBD1754A5AB00EE371B /* tayshaun_prince.png in Resources */ = {isa = PBXBuildFile; fileRef = C35ECDBB1754A5AB00EE371B /* tayshaun_prince.png */; };
		C35ECDBF1754A6F700EE371B /* chris_kaman.png in Resources */ = {isa = PBXBuildFile; fileRef = C35ECDBE1754A6F700EE371B /* chris_kaman.png */; };
		C3811C67175604C800353430 /* aaron_brooks.png in Resources */ = {isa = PBXBuildFile; fileRef = C3811C02175604C800353430 /* aaron_brooks.png */; };
		C3811C68175604C800353430 /* adrian_dantley.png in Resources */ = {isa = PBXBuildFile; fileRef = C3811C03175604C800353430 /* adrian_dantley.png */; };
		C3811C69175604C800353430 /* alex_english.png in Resources */ = {isa = PBXBuildFile; fileRef = C3811C04175604C800353430 /* alex_english.png */; };
		C3811C6A175604C800353430 /* allen_iverson.png in Resources */ = {isa = PBXBuildFile; fileRef = C3811C05175604C800353430 /* allen_iverson.png */; };
		C3811C6B175604C800353430 /* alonzo_mourning.png in Resources */ = {isa = PBXBuildFile; fileRef = C3811C06175604C800353430 /* alonzo_mourning.png */; };
		C3811C6C175604C800353430 /* andre-miller.png in Resources */ = {isa = PBXBuildFile; fileRef = C3811C07175604C800353430 /* andre-miller.png */; };
		C3811C6D175604C800353430 /* andrei-kirilenko.png in Resources */ = {isa = PBXBuildFile; fileRef = C3811C08175604C800353430 /* andrei-kirilenko.png */; };
		C3811C6E175604C800353430 /* andrew_bogut.png in Resources */ = {isa = PBXBuildFile; fileRef = C3811C09175604C800353430 /* andrew_bogut.png */; };
		C3811C6F175604C800353430 /* antawn-jamison.png in Resources */ = {isa = PBXBuildFile; fileRef = C3811C0A175604C800353430 /* antawn-jamison.png */; };
		C3811C70175604C800353430 /* baron-davis.png in Resources */ = {isa = PBXBuildFile; fileRef = C3811C0B175604C800353430 /* baron-davis.png */; };
		C3811C71175604C800353430 /* ben-gordon.png in Resources */ = {isa = PBXBuildFile; fileRef = C3811C0C175604C800353430 /* ben-gordon.png */; };
		C3811C72175604C800353430 /* bill-bradley.png in Resources */ = {isa = PBXBuildFile; fileRef = C3811C0D175604C800353430 /* bill-bradley.png */; };
		C3811C73175604C800353430 /* bill-russell.png in Resources */ = {isa = PBXBuildFile; fileRef = C3811C0E175604C800353430 /* bill-russell.png */; };
		C3811C74175604C800353430 /* billy-cunningham.png in Resources */ = {isa = PBXBuildFile; fileRef = C3811C0F175604C800353430 /* billy-cunningham.png */; };
		C3811C75175604C800353430 /* bob-cousy.png in Resources */ = {isa = PBXBuildFile; fileRef = C3811C10175604C800353430 /* bob-cousy.png */; };
		C3811C76175604C800353430 /* bobby-simmons.png in Resources */ = {isa = PBXBuildFile; fileRef = C3811C11175604C800353430 /* bobby-simmons.png */; };
		C3811C77175604C800353430 /* brandon-roy.png in Resources */ = {isa = PBXBuildFile; fileRef = C3811C12175604C800353430 /* brandon-roy.png */; };
		C3811C78175604C800353430 /* charles-barkley.png in Resources */ = {isa = PBXBuildFile; fileRef = C3811C13175604C800353430 /* charles-barkley.png */; };
		C3811C79175604C800353430 /* chris-mullin.png in Resources */ = {isa = PBXBuildFile; fileRef = C3811C14175604C800353430 /* chris-mullin.png */; };
		C3811C7A175604C800353430 /* chris-paul.png in Resources */ = {isa = PBXBuildFile; fileRef = C3811C15175604C800353430 /* chris-paul.png */; };
		C3811C7B175604C800353430 /* chris-webber.png in Resources */ = {isa = PBXBuildFile; fileRef = C3811C16175604C800353430 /* chris-webber.png */; };
		C3811C7C175604C800353430 /* chuck-hayes.png in Resources */ = {isa = PBXBuildFile; fileRef = C3811C17175604C800353430 /* chuck-hayes.png */; };
		C3811C7D175604C800353430 /* clyde-drexler.png in Resources */ = {isa = PBXBuildFile; fileRef = C3811C18175604C800353430 /* clyde-drexler.png */; };
		C3811C7E175604C800353430 /* connie-hawkins.png in Resources */ = {isa = PBXBuildFile; fileRef = C3811C19175604C800353430 /* connie-hawkins.png */; };
		C3811C7F175604C800353430 /* damon-stoudamire.png in Resources */ = {isa = PBXBuildFile; fileRef = C3811C1A175604C800353430 /* damon-stoudamire.png */; };
		C3811C80175604C800353430 /* dan-issel.png in Resources */ = {isa = PBXBuildFile; fileRef = C3811C1B175604C800353430 /* dan-issel.png */; };
		C3811C81175604C800353430 /* dave-bing.png in Resources */ = {isa = PBXBuildFile; fileRef = C3811C1C175604C800353430 /* dave-bing.png */; };
		C3811C82175604C800353430 /* dave-debusschere.png in Resources */ = {isa = PBXBuildFile; fileRef = C3811C1D175604C800353430 /* dave-debusschere.png */; };
		C3811C83175604C800353430 /* david-robinson.png in Resources */ = {isa = PBXBuildFile; fileRef = C3811C1E175604C800353430 /* david-robinson.png */; };
		C3811C84175604C800353430 /* deandre-liggins.png in Resources */ = {isa = PBXBuildFile; fileRef = C3811C1F175604C800353430 /* deandre-liggins.png */; };
		C3811C85175604C800353430 /* dennis-johnson.png in Resources */ = {isa = PBXBuildFile; fileRef = C3811C20175604C800353430 /* dennis-johnson.png */; };
		C3811C86175604C800353430 /* dennis-rodman.png in Resources */ = {isa = PBXBuildFile; fileRef = C3811C21175604C800353430 /* dennis-rodman.png */; };
		C3811C87175604C800353430 /* derek-fisher.png in Resources */ = {isa = PBXBuildFile; fileRef = C3811C22175604C800353430 /* derek-fisher.png */; };
		C3811C88175604C800353430 /* dikembe-mutombo.png in Resources */ = {isa = PBXBuildFile; fileRef = C3811C23175604C800353430 /* dikembe-mutombo.png */; };
		C3811C89175604C800353430 /* don-barksdale.png in Resources */ = {isa = PBXBuildFile; fileRef = C3811C24175604C800353430 /* don-barksdale.png */; };
		C3811C8A175604C800353430 /* dorell-wright.png in Resources */ = {isa = PBXBuildFile; fileRef = C3811C25175604C800353430 /* dorell-wright.png */; };
		C3811C8B175604C800353430 /* doug-christie.png in Resources */ = {isa = PBXBuildFile; fileRef = C3811C26175604C800353430 /* doug-christie.png */; };
		C3811C8C175604C800353430 /* dwight-howard.png in Resources */ = {isa = PBXBuildFile; fileRef = C3811C27175604C800353430 /* dwight-howard.png */; };
		C3811C8D175604C800353430 /* eddie-jones.png in Resources */ = {isa = PBXBuildFile; fileRef = C3811C28175604C800353430 /* eddie-jones.png */; };
		C3811C8E175604C800353430 /* elgin-baylor.png in Resources */ = {isa = PBXBuildFile; fileRef = C3811C29175604C800353430 /* elgin-baylor.png */; };
		C3811C8F175604C800353430 /* emeka-okafor.png in Resources */ = {isa = PBXBuildFile; fileRef = C3811C2A175604C800353430 /* emeka-okafor.png */; };
		C3811C90175604C800353430 /* gary-payton.png in Resources */ = {isa = PBXBuildFile; fileRef = C3811C2B175604C800353430 /* gary-payton.png */; };
		C3811C91175604C800353430 /* george-gervin.png in Resources */ = {isa = PBXBuildFile; fileRef = C3811C2C175604C800353430 /* george-gervin.png */; };
		C3811C92175604C800353430 /* hakeem-olajuwon.png in Resources */ = {isa = PBXBuildFile; fileRef = C3811C2D175604C800353430 /* hakeem-olajuwon.png */; };
		C3811C93175604C800353430 /* jamaal-wilkes.png in Resources */ = {isa = PBXBuildFile; fileRef = C3811C2E175604C800353430 /* jamaal-wilkes.png */; };
		C3811C94175604C800353430 /* jason-kidd.png in Resources */ = {isa = PBXBuildFile; fileRef = C3811C2F175604C800353430 /* jason-kidd.png */; };
		C3811C95175604C800353430 /* jason-richardson.png in Resources */ = {isa = PBXBuildFile; fileRef = C3811C30175604C800353430 /* jason-richardson.png */; };
		C3811C96175604C800353430 /* jason-terry.png in Resources */ = {isa = PBXBuildFile; fileRef = C3811C31175604C800353430 /* jason-terry.png */; };
		C3811C97175604C800353430 /* jeremy-lamb.png in Resources */ = {isa = PBXBuildFile; fileRef = C3811C32175604C800353430 /* jeremy-lamb.png */; };
		C3811C98175604C800353430 /* jerry-west.png in Resources */ = {isa = PBXBuildFile; fileRef = C3811C33175604C800353430 /* jerry-west.png */; };
		C3811C99175604C800353430 /* joe-dumars.png in Resources */ = {isa = PBXBuildFile; fileRef = C3811C34175604C800353430 /* joe-dumars.png */; };
		C3811C9A175604C800353430 /* john-salmons.png in Resources */ = {isa = PBXBuildFile; fileRef = C3811C35175604C800353430 /* john-salmons.png */; };
		C3811C9B175604C800353430 /* john-stockton.png in Resources */ = {isa = PBXBuildFile; fileRef = C3811C36175604C800353430 /* john-stockton.png */; };
		C3811C9C175604C800353430 /* jose-calderon.png in Resources */ = {isa = PBXBuildFile; fileRef = C3811C37175604C800353430 /* jose-calderon.png */; };
		C3811C9D175604C800353430 /* jr-smith.png in Resources */ = {isa = PBXBuildFile; fileRef = C3811C38175604C800353430 /* jr-smith.png */; };
		C3811C9E175604C800353430 /* julius-erving.png in Resources */ = {isa = PBXBuildFile; fileRef = C3811C39175604C800353430 /* julius-erving.png */; };
		C3811C9F175604C800353430 /* kareem-abdul-jabbar.png in Resources */ = {isa = PBXBuildFile; fileRef = C3811C3A175604C800353430 /* kareem-abdul-jabbar.png */; };
		C3811CA0175604C800353430 /* karl-malone.png in Resources */ = {isa = PBXBuildFile; fileRef = C3811C3B175604C800353430 /* karl-malone.png */; };
		C3811CA1175604C800353430 /* kevin-durant.png in Resources */ = {isa = PBXBuildFile; fileRef = C3811C3C175604C800353430 /* kevin-durant.png */; };
		C3811CA2175604C800353430 /* kevin-garnett.png in Resources */ = {isa = PBXBuildFile; fileRef = C3811C3D175604C800353430 /* kevin-garnett.png */; };
		C3811CA3175604C800353430 /* kevin-love.png in Resources */ = {isa = PBXBuildFile; fileRef = C3811C3E175604C800353430 /* kevin-love.png */; };
		C3811CA4175604C800353430 /* kyle-korver.png in Resources */ = {isa = PBXBuildFile; fileRef = C3811C3F175604C800353430 /* kyle-korver.png */; };
		C3811CA5175604C800353430 /* larry-bird.png in Resources */ = {isa = PBXBuildFile; fileRef = C3811C40175604C800353430 /* larry-bird.png */; };
		C3811CA6175604C800353430 /* larry-hughes.png in Resources */ = {isa = PBXBuildFile; fileRef = C3811C41175604C800353430 /* larry-hughes.png */; };
		C3811CA7175604C800353430 /* magic-johnson.png in Resources */ = {isa = PBXBuildFile; fileRef = C3811C42175604C800353430 /* magic-johnson.png */; };
		C3811CA8175604C800353430 /* marcus-camby.png in Resources */ = {isa = PBXBuildFile; fileRef = C3811C43175604C800353430 /* marcus-camby.png */; };
		C3811CA9175604C800353430 /* metta-world-peace.png in Resources */ = {isa = PBXBuildFile; fileRef = C3811C44175604C800353430 /* metta-world-peace.png */; };
		C3811CAA175604C800353430 /* michael-jordan.png in Resources */ = {isa = PBXBuildFile; fileRef = C3811C45175604C800353430 /* michael-jordan.png */; };
		C3811CAB175604C800353430 /* mike-bibby.png in Resources */ = {isa = PBXBuildFile; fileRef = C3811C46175604C800353430 /* mike-bibby.png */; };
		C3811CAC175604C800353430 /* mike-miller.png in Resources */ = {isa = PBXBuildFile; fileRef = C3811C47175604C800353430 /* mike-miller.png */; };
		C3811CAD175604C800353430 /* morris-peterson.png in Resources */ = {isa = PBXBuildFile; fileRef = C3811C48175604C800353430 /* morris-peterson.png */; };
		C3811CAE175604C800353430 /* nate-archibald.png in Resources */ = {isa = PBXBuildFile; fileRef = C3811C49175604C800353430 /* nate-archibald.png */; };
		C3811CAF175604C800353430 /* peja-stojakovic.png in Resources */ = {isa = PBXBuildFile; fileRef = C3811C4A175604C800353430 /* peja-stojakovic.png */; };
		C3811CB0175604C800353430 /* pj-brown.png in Resources */ = {isa = PBXBuildFile; fileRef = C3811C4B175604C800353430 /* pj-brown.png */; };
		C3811CB1175604C800353430 /* raja-bell.png in Resources */ = {isa = PBXBuildFile; fileRef = C3811C4C175604C800353430 /* raja-bell.png */; };
		C3811CB2175604C800353430 /* rashard-lewis.png in Resources */ = {isa = PBXBuildFile; fileRef = C3811C4D175604C800353430 /* rashard-lewis.png */; };
		C3811CB3175604C800353430 /* ray-allen.png in Resources */ = {isa = PBXBuildFile; fileRef = C3811C4E175604C800353430 /* ray-allen.png */; };
		C3811CB4175604C800353430 /* reggie-jackson.png in Resources */ = {isa = PBXBuildFile; fileRef = C3811C4F175604C800353430 /* reggie-jackson.png */; };
		C3811CB5175604C800353430 /* reggie-miller.png in Resources */ = {isa = PBXBuildFile; fileRef = C3811C50175604C800353430 /* reggie-miller.png */; };
		C3811CB6175604C800353430 /* rick-barry.png in Resources */ = {isa = PBXBuildFile; fileRef = C3811C51175604C800353430 /* rick-barry.png */; };
		C3811CB7175604C800353430 /* rod-strickland.png in Resources */ = {isa = PBXBuildFile; fileRef = C3811C52175604C800353430 /* rod-strickland.png */; };
		C3811CB8175604C800353430 /* ronnie-brewer.png in Resources */ = {isa = PBXBuildFile; fileRef = C3811C53175604C800353430 /* ronnie-brewer.png */; };
		C3811CB9175604C800353430 /* russell-westbrook.png in Resources */ = {isa = PBXBuildFile; fileRef = C3811C54175604C800353430 /* russell-westbrook.png */; };
		C3811CBA175604C800353430 /* ryan-anderson.png in Resources */ = {isa = PBXBuildFile; fileRef = C3811C55175604C800353430 /* ryan-anderson.png */; };
		C3811CBB175604C800353430 /* scottie-pippen.png in Resources */ = {isa = PBXBuildFile; fileRef = C3811C56175604C800353430 /* scottie-pippen.png */; };
		C3811CBC175604C800353430 /* shaquille-oneal.png in Resources */ = {isa = PBXBuildFile; fileRef = C3811C57175604C800353430 /* shaquille-oneal.png */; };
		C3811CBD175604C800353430 /* shawn-bradley.png in Resources */ = {isa = PBXBuildFile; fileRef = C3811C58175604C800353430 /* shawn-bradley.png */; };
		C3811CBE175604C800353430 /* shawn-kemp.png in Resources */ = {isa = PBXBuildFile; fileRef = C3811C59175604C800353430 /* shawn-kemp.png */; };
		C3811CBF175604C800353430 /* steve-francis.png in Resources */ = {isa = PBXBuildFile; fileRef = C3811C5A175604C800353430 /* steve-francis.png */; };
		C3811CC0175604C800353430 /* steve-nash.png in Resources */ = {isa = PBXBuildFile; fileRef = C3811C5B175604C800353430 /* steve-nash.png */; };
		C3811CC1175604C800353430 /* thabo-sefolosha.png in Resources */ = {isa = PBXBuildFile; fileRef = C3811C5C175604C800353430 /* thabo-sefolosha.png */; };
		C3811CC2175604C800353430 /* theo-ratliff.png in Resources */ = {isa = PBXBuildFile; fileRef = C3811C5D175604C800353430 /* theo-ratliff.png */; };
		C3811CC3175604C800353430 /* toney-douglas.png in Resources */ = {isa = PBXBuildFile; fileRef = C3811C5E175604C800353430 /* toney-douglas.png */; };
		C3811CC4175604C800353430 /* tracy-mcgrady.png in Resources */ = {isa = PBXBuildFile; fileRef = C3811C5F175604C800353430 /* tracy-mcgrady.png */; };
		C3811CC5175604C800353430 /* travis-outlaw.png in Resources */ = {isa = PBXBuildFile; fileRef = C3811C60175604C800353430 /* travis-outlaw.png */; };
		C3811CC6175604C800353430 /* tyreke-evans.png in Resources */ = {isa = PBXBuildFile; fileRef = C3811C61175604C800353430 /* tyreke-evans.png */; };
		C3811CC7175604C800353430 /* tyson-chandler.png in Resources */ = {isa = PBXBuildFile; fileRef = C3811C62175604C800353430 /* tyson-chandler.png */; };
		C3811CC8175604C800353430 /* vince-carter.png in Resources */ = {isa = PBXBuildFile; fileRef = C3811C63175604C800353430 /* vince-carter.png */; };
		C3811CC9175604C800353430 /* vlade-divac.png in Resources */ = {isa = PBXBuildFile; fileRef = C3811C64175604C800353430 /* vlade-divac.png */; };
		C3811CCA175604C800353430 /* walt-bellamy.png in Resources */ = {isa = PBXBuildFile; fileRef = C3811C65175604C800353430 /* walt-bellamy.png */; };
		C3811CCB175604C800353430 /* wilt-chamberlain.png in Resources */ = {isa = PBXBuildFile; fileRef = C3811C66175604C800353430 /* wilt-chamberlain.png */; };
/* End PBXBuildFile section */

/* Begin PBXFileReference section */
		7AF0A19E175747C7007F3E71 /* NSMutableArray+Shuffling.h */ = {isa = PBXFileReference; fileEncoding = 4; lastKnownFileType = sourcecode.c.h; path = "NSMutableArray+Shuffling.h"; sourceTree = "<group>"; };
		7AF0A19F175747C7007F3E71 /* NSMutableArray+Shuffling.m */ = {isa = PBXFileReference; fileEncoding = 4; lastKnownFileType = sourcecode.c.objc; path = "NSMutableArray+Shuffling.m"; sourceTree = "<group>"; };
		7AFFF847174FCC7000C1D4D8 /* qTrivia.app */ = {isa = PBXFileReference; explicitFileType = wrapper.application; includeInIndex = 0; path = qTrivia.app; sourceTree = BUILT_PRODUCTS_DIR; };
		7AFFF84A174FCC7000C1D4D8 /* UIKit.framework */ = {isa = PBXFileReference; lastKnownFileType = wrapper.framework; name = UIKit.framework; path = System/Library/Frameworks/UIKit.framework; sourceTree = SDKROOT; };
		7AFFF84C174FCC7000C1D4D8 /* Foundation.framework */ = {isa = PBXFileReference; lastKnownFileType = wrapper.framework; name = Foundation.framework; path = System/Library/Frameworks/Foundation.framework; sourceTree = SDKROOT; };
		7AFFF84E174FCC7000C1D4D8 /* CoreGraphics.framework */ = {isa = PBXFileReference; lastKnownFileType = wrapper.framework; name = CoreGraphics.framework; path = System/Library/Frameworks/CoreGraphics.framework; sourceTree = SDKROOT; };
		7AFFF852174FCC7000C1D4D8 /* qTrivia-Info.plist */ = {isa = PBXFileReference; lastKnownFileType = text.plist.xml; path = "qTrivia-Info.plist"; sourceTree = "<group>"; };
		7AFFF854174FCC7000C1D4D8 /* en */ = {isa = PBXFileReference; lastKnownFileType = text.plist.strings; name = en; path = en.lproj/InfoPlist.strings; sourceTree = "<group>"; };
		7AFFF856174FCC7000C1D4D8 /* main.m */ = {isa = PBXFileReference; lastKnownFileType = sourcecode.c.objc; path = main.m; sourceTree = "<group>"; };
		7AFFF858174FCC7000C1D4D8 /* qTrivia-Prefix.pch */ = {isa = PBXFileReference; lastKnownFileType = sourcecode.c.h; path = "qTrivia-Prefix.pch"; sourceTree = "<group>"; };
		7AFFF85C174FCC7000C1D4D8 /* Default.png */ = {isa = PBXFileReference; lastKnownFileType = image.png; path = Default.png; sourceTree = "<group>"; };
		7AFFF85E174FCC7000C1D4D8 /* Default@2x.png */ = {isa = PBXFileReference; lastKnownFileType = image.png; path = "Default@2x.png"; sourceTree = "<group>"; };
		7AFFF860174FCC7000C1D4D8 /* Default-568h@2x.png */ = {isa = PBXFileReference; lastKnownFileType = image.png; path = "Default-568h@2x.png"; sourceTree = "<group>"; };
		7AFFF863174FCC7000C1D4D8 /* en */ = {isa = PBXFileReference; lastKnownFileType = file.storyboard; name = en; path = en.lproj/MainStoryboard.storyboard; sourceTree = "<group>"; };
		7AFFF872174FCE6F00C1D4D8 /* AppDelegate.h */ = {isa = PBXFileReference; fileEncoding = 4; lastKnownFileType = sourcecode.c.h; path = AppDelegate.h; sourceTree = "<group>"; };
		7AFFF873174FCE6F00C1D4D8 /* AppDelegate.m */ = {isa = PBXFileReference; fileEncoding = 4; lastKnownFileType = sourcecode.c.objc; path = AppDelegate.m; sourceTree = "<group>"; };
		7AFFF875174FCE6F00C1D4D8 /* TopViewController.h */ = {isa = PBXFileReference; fileEncoding = 4; lastKnownFileType = sourcecode.c.h; path = TopViewController.h; sourceTree = "<group>"; };
		7AFFF876174FCE6F00C1D4D8 /* TopViewController.m */ = {isa = PBXFileReference; fileEncoding = 4; lastKnownFileType = sourcecode.c.objc; path = TopViewController.m; sourceTree = "<group>"; };
		7AFFF879174FCEE900C1D4D8 /* CategoryListViewController.h */ = {isa = PBXFileReference; fileEncoding = 4; lastKnownFileType = sourcecode.c.h; path = CategoryListViewController.h; sourceTree = "<group>"; };
		7AFFF87A174FCEE900C1D4D8 /* CategoryListViewController.m */ = {isa = PBXFileReference; fileEncoding = 4; lastKnownFileType = sourcecode.c.objc; path = CategoryListViewController.m; sourceTree = "<group>"; };
		7AFFF87E174FCF9600C1D4D8 /* CategoryList.plist */ = {isa = PBXFileReference; fileEncoding = 4; lastKnownFileType = text.plist.xml; path = CategoryList.plist; sourceTree = "<group>"; };
		7AFFF881174FD01900C1D4D8 /* PlistHelper.h */ = {isa = PBXFileReference; fileEncoding = 4; lastKnownFileType = sourcecode.c.h; path = PlistHelper.h; sourceTree = "<group>"; };
		7AFFF882174FD01900C1D4D8 /* PlistHelper.m */ = {isa = PBXFileReference; fileEncoding = 4; lastKnownFileType = sourcecode.c.objc; path = PlistHelper.m; sourceTree = "<group>"; };
		7AFFF885174FD0D300C1D4D8 /* CategoryListCell.h */ = {isa = PBXFileReference; fileEncoding = 4; lastKnownFileType = sourcecode.c.h; path = CategoryListCell.h; sourceTree = "<group>"; };
		7AFFF886174FD0D300C1D4D8 /* CategoryListCell.m */ = {isa = PBXFileReference; fileEncoding = 4; lastKnownFileType = sourcecode.c.objc; path = CategoryListCell.m; sourceTree = "<group>"; };
		7AFFF888174FD0FB00C1D4D8 /* CategoryListCell.xib */ = {isa = PBXFileReference; fileEncoding = 4; lastKnownFileType = file.xib; path = CategoryListCell.xib; sourceTree = "<group>"; };
		7AFFF88C174FD71900C1D4D8 /* SportCategory_1.plist */ = {isa = PBXFileReference; fileEncoding = 4; lastKnownFileType = text.plist.xml; path = SportCategory_1.plist; sourceTree = "<group>"; };
		7AFFF88E174FDC0200C1D4D8 /* TriviaViewController.h */ = {isa = PBXFileReference; fileEncoding = 4; lastKnownFileType = sourcecode.c.h; path = TriviaViewController.h; sourceTree = "<group>"; };
		7AFFF88F174FDC0200C1D4D8 /* TriviaViewController.m */ = {isa = PBXFileReference; fileEncoding = 4; lastKnownFileType = sourcecode.c.objc; path = TriviaViewController.m; sourceTree = "<group>"; };
		7AFFF891174FDE3500C1D4D8 /* SportCategoryAnswer_1.plist */ = {isa = PBXFileReference; fileEncoding = 4; lastKnownFileType = text.plist.xml; path = SportCategoryAnswer_1.plist; sourceTree = "<group>"; };
		C35ECD7817549C4700EE371B /* buttonImage.png */ = {isa = PBXFileReference; lastKnownFileType = image.png; path = buttonImage.png; sourceTree = "<group>"; };
		C35ECD7917549C4700EE371B /* categoryImages_back.png */ = {isa = PBXFileReference; lastKnownFileType = image.png; path = categoryImages_back.png; sourceTree = "<group>"; };
		C35ECD7C17549FDF00EE371B /* jamal_crawford.png */ = {isa = PBXFileReference; lastKnownFileType = image.png; path = jamal_crawford.png; sourceTree = "<group>"; };
		C35ECD7D17549FDF00EE371B /* patrick_ewing.png */ = {isa = PBXFileReference; lastKnownFileType = image.png; path = patrick_ewing.png; sourceTree = "<group>"; };
		C35ECD7E17549FDF00EE371B /* stephon_marbury.png */ = {isa = PBXFileReference; lastKnownFileType = image.png; path = stephon_marbury.png; sourceTree = "<group>"; };
		C35ECD7F17549FDF00EE371B /* willis_reed.png */ = {isa = PBXFileReference; lastKnownFileType = image.png; path = willis_reed.png; sourceTree = "<group>"; };
		C35ECD8017549FDF00EE371B /* artis_gilmore.png */ = {isa = PBXFileReference; lastKnownFileType = image.png; path = artis_gilmore.png; sourceTree = "<group>"; };
		C35ECD8117549FDF00EE371B /* bob_love.png */ = {isa = PBXFileReference; lastKnownFileType = image.png; path = bob_love.png; sourceTree = "<group>"; };
		C35ECD8217549FDF00EE371B /* horace_grant.png */ = {isa = PBXFileReference; lastKnownFileType = image.png; path = horace_grant.png; sourceTree = "<group>"; };
		C35ECD8317549FDF00EE371B /* jerry_sloan.png */ = {isa = PBXFileReference; lastKnownFileType = image.png; path = jerry_sloan.png; sourceTree = "<group>"; };
		C35ECD8417549FDF00EE371B /* boris_diaw.png */ = {isa = PBXFileReference; lastKnownFileType = image.png; path = boris_diaw.png; sourceTree = "<group>"; };
		C35ECD8517549FDF00EE371B /* dj_augustin.png */ = {isa = PBXFileReference; lastKnownFileType = image.png; path = dj_augustin.png; sourceTree = "<group>"; };
		C35ECD8617549FDF00EE371B /* raymond_felton.png */ = {isa = PBXFileReference; lastKnownFileType = image.png; path = raymond_felton.png; sourceTree = "<group>"; };
		C35ECD8717549FDF00EE371B /* stephen_jackson.png */ = {isa = PBXFileReference; lastKnownFileType = image.png; path = stephen_jackson.png; sourceTree = "<group>"; };
		C35ECD8817549FDF00EE371B /* austin_carr.png */ = {isa = PBXFileReference; lastKnownFileType = image.png; path = austin_carr.png; sourceTree = "<group>"; };
		C35ECD8917549FDF00EE371B /* brad_daugherty.png */ = {isa = PBXFileReference; lastKnownFileType = image.png; path = brad_daugherty.png; sourceTree = "<group>"; };
		C35ECD8A17549FDF00EE371B /* larry_nance.png */ = {isa = PBXFileReference; lastKnownFileType = image.png; path = larry_nance.png; sourceTree = "<group>"; };
		C35ECD8B17549FDF00EE371B /* mark_price.png */ = {isa = PBXFileReference; lastKnownFileType = image.png; path = mark_price.png; sourceTree = "<group>"; };
		C35ECD8C17549FDF00EE371B /* dave_cowens.png */ = {isa = PBXFileReference; lastKnownFileType = image.png; path = dave_cowens.png; sourceTree = "<group>"; };
		C35ECD8D17549FDF00EE371B /* john_havlicek.png */ = {isa = PBXFileReference; lastKnownFileType = image.png; path = john_havlicek.png; sourceTree = "<group>"; };
		C35ECD8E17549FDF00EE371B /* kevin_mchale.png */ = {isa = PBXFileReference; lastKnownFileType = image.png; path = kevin_mchale.png; sourceTree = "<group>"; };
		C35ECD8F17549FDF00EE371B /* robert_parish.png */ = {isa = PBXFileReference; lastKnownFileType = image.png; path = robert_parish.png; sourceTree = "<group>"; };
		C35ECD9017549FDF00EE371B /* bob_pettit.png */ = {isa = PBXFileReference; lastKnownFileType = image.png; path = bob_pettit.png; sourceTree = "<group>"; };
		C35ECD9117549FDF00EE371B /* dominique_wilkins.png */ = {isa = PBXFileReference; lastKnownFileType = image.png; path = dominique_wilkins.png; sourceTree = "<group>"; };
		C35ECD9217549FDF00EE371B /* lou_hudson.png */ = {isa = PBXFileReference; lastKnownFileType = image.png; path = lou_hudson.png; sourceTree = "<group>"; };
		C35ECD9317549FDF00EE371B /* shareef.png */ = {isa = PBXFileReference; lastKnownFileType = image.png; path = shareef.png; sourceTree = "<group>"; };
		C35ECDAC1754A09900EE371B /* allan_houston.png */ = {isa = PBXFileReference; lastKnownFileType = image.png; path = allan_houston.png; sourceTree = "<group>"; };
		C35ECDAD1754A09900EE371B /* david_lee.png */ = {isa = PBXFileReference; lastKnownFileType = image.png; path = david_lee.png; sourceTree = "<group>"; };
		C35ECDAE1754A09900EE371B /* kurt_thomas.png */ = {isa = PBXFileReference; lastKnownFileType = image.png; path = kurt_thomas.png; sourceTree = "<group>"; };
		C35ECDB21754A4E500EE371B /* ben_wallace.png */ = {isa = PBXFileReference; lastKnownFileType = image.png; path = ben_wallace.png; sourceTree = "<group>"; };
		C35ECDB31754A4E500EE371B /* grant_hill.png */ = {isa = PBXFileReference; lastKnownFileType = image.png; path = grant_hill.png; sourceTree = "<group>"; };
		C35ECDB41754A4E500EE371B /* isiah_thomas.png */ = {isa = PBXFileReference; lastKnownFileType = image.png; path = isiah_thomas.png; sourceTree = "<group>"; };
		C35ECDB51754A4E600EE371B /* richard_hamilton.png */ = {isa = PBXFileReference; lastKnownFileType = image.png; path = richard_hamilton.png; sourceTree = "<group>"; };
		C35ECDBA1754A5AA00EE371B /* chauncey_billups.png */ = {isa = PBXFileReference; lastKnownFileType = image.png; path = chauncey_billups.png; sourceTree = "<group>"; };
		C35ECDBB1754A5AB00EE371B /* tayshaun_prince.png */ = {isa = PBXFileReference; lastKnownFileType = image.png; path = tayshaun_prince.png; sourceTree = "<group>"; };
		C35ECDBE1754A6F700EE371B /* chris_kaman.png */ = {isa = PBXFileReference; lastKnownFileType = image.png; path = chris_kaman.png; sourceTree = "<group>"; };
		C3811C02175604C800353430 /* aaron_brooks.png */ = {isa = PBXFileReference; lastKnownFileType = image.png; path = aaron_brooks.png; sourceTree = "<group>"; };
		C3811C03175604C800353430 /* adrian_dantley.png */ = {isa = PBXFileReference; lastKnownFileType = image.png; path = adrian_dantley.png; sourceTree = "<group>"; };
		C3811C04175604C800353430 /* alex_english.png */ = {isa = PBXFileReference; lastKnownFileType = image.png; path = alex_english.png; sourceTree = "<group>"; };
		C3811C05175604C800353430 /* allen_iverson.png */ = {isa = PBXFileReference; lastKnownFileType = image.png; path = allen_iverson.png; sourceTree = "<group>"; };
		C3811C06175604C800353430 /* alonzo_mourning.png */ = {isa = PBXFileReference; lastKnownFileType = image.png; path = alonzo_mourning.png; sourceTree = "<group>"; };
		C3811C07175604C800353430 /* andre-miller.png */ = {isa = PBXFileReference; lastKnownFileType = image.png; path = "andre-miller.png"; sourceTree = "<group>"; };
		C3811C08175604C800353430 /* andrei-kirilenko.png */ = {isa = PBXFileReference; lastKnownFileType = image.png; path = "andrei-kirilenko.png"; sourceTree = "<group>"; };
		C3811C09175604C800353430 /* andrew_bogut.png */ = {isa = PBXFileReference; lastKnownFileType = image.png; path = andrew_bogut.png; sourceTree = "<group>"; };
		C3811C0A175604C800353430 /* antawn-jamison.png */ = {isa = PBXFileReference; lastKnownFileType = image.png; path = "antawn-jamison.png"; sourceTree = "<group>"; };
		C3811C0B175604C800353430 /* baron-davis.png */ = {isa = PBXFileReference; lastKnownFileType = image.png; path = "baron-davis.png"; sourceTree = "<group>"; };
		C3811C0C175604C800353430 /* ben-gordon.png */ = {isa = PBXFileReference; lastKnownFileType = image.png; path = "ben-gordon.png"; sourceTree = "<group>"; };
		C3811C0D175604C800353430 /* bill-bradley.png */ = {isa = PBXFileReference; lastKnownFileType = image.png; path = "bill-bradley.png"; sourceTree = "<group>"; };
		C3811C0E175604C800353430 /* bill-russell.png */ = {isa = PBXFileReference; lastKnownFileType = image.png; path = "bill-russell.png"; sourceTree = "<group>"; };
		C3811C0F175604C800353430 /* billy-cunningham.png */ = {isa = PBXFileReference; lastKnownFileType = image.png; path = "billy-cunningham.png"; sourceTree = "<group>"; };
		C3811C10175604C800353430 /* bob-cousy.png */ = {isa = PBXFileReference; lastKnownFileType = image.png; path = "bob-cousy.png"; sourceTree = "<group>"; };
		C3811C11175604C800353430 /* bobby-simmons.png */ = {isa = PBXFileReference; lastKnownFileType = image.png; path = "bobby-simmons.png"; sourceTree = "<group>"; };
		C3811C12175604C800353430 /* brandon-roy.png */ = {isa = PBXFileReference; lastKnownFileType = image.png; path = "brandon-roy.png"; sourceTree = "<group>"; };
		C3811C13175604C800353430 /* charles-barkley.png */ = {isa = PBXFileReference; lastKnownFileType = image.png; path = "charles-barkley.png"; sourceTree = "<group>"; };
		C3811C14175604C800353430 /* chris-mullin.png */ = {isa = PBXFileReference; lastKnownFileType = image.png; path = "chris-mullin.png"; sourceTree = "<group>"; };
		C3811C15175604C800353430 /* chris-paul.png */ = {isa = PBXFileReference; lastKnownFileType = image.png; path = "chris-paul.png"; sourceTree = "<group>"; };
		C3811C16175604C800353430 /* chris-webber.png */ = {isa = PBXFileReference; lastKnownFileType = image.png; path = "chris-webber.png"; sourceTree = "<group>"; };
		C3811C17175604C800353430 /* chuck-hayes.png */ = {isa = PBXFileReference; lastKnownFileType = image.png; path = "chuck-hayes.png"; sourceTree = "<group>"; };
		C3811C18175604C800353430 /* clyde-drexler.png */ = {isa = PBXFileReference; lastKnownFileType = image.png; path = "clyde-drexler.png"; sourceTree = "<group>"; };
		C3811C19175604C800353430 /* connie-hawkins.png */ = {isa = PBXFileReference; lastKnownFileType = image.png; path = "connie-hawkins.png"; sourceTree = "<group>"; };
		C3811C1A175604C800353430 /* damon-stoudamire.png */ = {isa = PBXFileReference; lastKnownFileType = image.png; path = "damon-stoudamire.png"; sourceTree = "<group>"; };
		C3811C1B175604C800353430 /* dan-issel.png */ = {isa = PBXFileReference; lastKnownFileType = image.png; path = "dan-issel.png"; sourceTree = "<group>"; };
		C3811C1C175604C800353430 /* dave-bing.png */ = {isa = PBXFileReference; lastKnownFileType = image.png; path = "dave-bing.png"; sourceTree = "<group>"; };
		C3811C1D175604C800353430 /* dave-debusschere.png */ = {isa = PBXFileReference; lastKnownFileType = image.png; path = "dave-debusschere.png"; sourceTree = "<group>"; };
		C3811C1E175604C800353430 /* david-robinson.png */ = {isa = PBXFileReference; lastKnownFileType = image.png; path = "david-robinson.png"; sourceTree = "<group>"; };
		C3811C1F175604C800353430 /* deandre-liggins.png */ = {isa = PBXFileReference; lastKnownFileType = image.png; path = "deandre-liggins.png"; sourceTree = "<group>"; };
		C3811C20175604C800353430 /* dennis-johnson.png */ = {isa = PBXFileReference; lastKnownFileType = image.png; path = "dennis-johnson.png"; sourceTree = "<group>"; };
		C3811C21175604C800353430 /* dennis-rodman.png */ = {isa = PBXFileReference; lastKnownFileType = image.png; path = "dennis-rodman.png"; sourceTree = "<group>"; };
		C3811C22175604C800353430 /* derek-fisher.png */ = {isa = PBXFileReference; lastKnownFileType = image.png; path = "derek-fisher.png"; sourceTree = "<group>"; };
		C3811C23175604C800353430 /* dikembe-mutombo.png */ = {isa = PBXFileReference; lastKnownFileType = image.png; path = "dikembe-mutombo.png"; sourceTree = "<group>"; };
		C3811C24175604C800353430 /* don-barksdale.png */ = {isa = PBXFileReference; lastKnownFileType = image.png; path = "don-barksdale.png"; sourceTree = "<group>"; };
		C3811C25175604C800353430 /* dorell-wright.png */ = {isa = PBXFileReference; lastKnownFileType = image.png; path = "dorell-wright.png"; sourceTree = "<group>"; };
		C3811C26175604C800353430 /* doug-christie.png */ = {isa = PBXFileReference; lastKnownFileType = image.png; path = "doug-christie.png"; sourceTree = "<group>"; };
		C3811C27175604C800353430 /* dwight-howard.png */ = {isa = PBXFileReference; lastKnownFileType = image.png; path = "dwight-howard.png"; sourceTree = "<group>"; };
		C3811C28175604C800353430 /* eddie-jones.png */ = {isa = PBXFileReference; lastKnownFileType = image.png; path = "eddie-jones.png"; sourceTree = "<group>"; };
		C3811C29175604C800353430 /* elgin-baylor.png */ = {isa = PBXFileReference; lastKnownFileType = image.png; path = "elgin-baylor.png"; sourceTree = "<group>"; };
		C3811C2A175604C800353430 /* emeka-okafor.png */ = {isa = PBXFileReference; lastKnownFileType = image.png; path = "emeka-okafor.png"; sourceTree = "<group>"; };
		C3811C2B175604C800353430 /* gary-payton.png */ = {isa = PBXFileReference; lastKnownFileType = image.png; path = "gary-payton.png"; sourceTree = "<group>"; };
		C3811C2C175604C800353430 /* george-gervin.png */ = {isa = PBXFileReference; lastKnownFileType = image.png; path = "george-gervin.png"; sourceTree = "<group>"; };
		C3811C2D175604C800353430 /* hakeem-olajuwon.png */ = {isa = PBXFileReference; lastKnownFileType = image.png; path = "hakeem-olajuwon.png"; sourceTree = "<group>"; };
		C3811C2E175604C800353430 /* jamaal-wilkes.png */ = {isa = PBXFileReference; lastKnownFileType = image.png; path = "jamaal-wilkes.png"; sourceTree = "<group>"; };
		C3811C2F175604C800353430 /* jason-kidd.png */ = {isa = PBXFileReference; lastKnownFileType = image.png; path = "jason-kidd.png"; sourceTree = "<group>"; };
		C3811C30175604C800353430 /* jason-richardson.png */ = {isa = PBXFileReference; lastKnownFileType = image.png; path = "jason-richardson.png"; sourceTree = "<group>"; };
		C3811C31175604C800353430 /* jason-terry.png */ = {isa = PBXFileReference; lastKnownFileType = image.png; path = "jason-terry.png"; sourceTree = "<group>"; };
		C3811C32175604C800353430 /* jeremy-lamb.png */ = {isa = PBXFileReference; lastKnownFileType = image.png; path = "jeremy-lamb.png"; sourceTree = "<group>"; };
		C3811C33175604C800353430 /* jerry-west.png */ = {isa = PBXFileReference; lastKnownFileType = image.png; path = "jerry-west.png"; sourceTree = "<group>"; };
		C3811C34175604C800353430 /* joe-dumars.png */ = {isa = PBXFileReference; lastKnownFileType = image.png; path = "joe-dumars.png"; sourceTree = "<group>"; };
		C3811C35175604C800353430 /* john-salmons.png */ = {isa = PBXFileReference; lastKnownFileType = image.png; path = "john-salmons.png"; sourceTree = "<group>"; };
		C3811C36175604C800353430 /* john-stockton.png */ = {isa = PBXFileReference; lastKnownFileType = image.png; path = "john-stockton.png"; sourceTree = "<group>"; };
		C3811C37175604C800353430 /* jose-calderon.png */ = {isa = PBXFileReference; lastKnownFileType = image.png; path = "jose-calderon.png"; sourceTree = "<group>"; };
		C3811C38175604C800353430 /* jr-smith.png */ = {isa = PBXFileReference; lastKnownFileType = image.png; path = "jr-smith.png"; sourceTree = "<group>"; };
		C3811C39175604C800353430 /* julius-erving.png */ = {isa = PBXFileReference; lastKnownFileType = image.png; path = "julius-erving.png"; sourceTree = "<group>"; };
		C3811C3A175604C800353430 /* kareem-abdul-jabbar.png */ = {isa = PBXFileReference; lastKnownFileType = image.png; path = "kareem-abdul-jabbar.png"; sourceTree = "<group>"; };
		C3811C3B175604C800353430 /* karl-malone.png */ = {isa = PBXFileReference; lastKnownFileType = image.png; path = "karl-malone.png"; sourceTree = "<group>"; };
		C3811C3C175604C800353430 /* kevin-durant.png */ = {isa = PBXFileReference; lastKnownFileType = image.png; path = "kevin-durant.png"; sourceTree = "<group>"; };
		C3811C3D175604C800353430 /* kevin-garnett.png */ = {isa = PBXFileReference; lastKnownFileType = image.png; path = "kevin-garnett.png"; sourceTree = "<group>"; };
		C3811C3E175604C800353430 /* kevin-love.png */ = {isa = PBXFileReference; lastKnownFileType = image.png; path = "kevin-love.png"; sourceTree = "<group>"; };
		C3811C3F175604C800353430 /* kyle-korver.png */ = {isa = PBXFileReference; lastKnownFileType = image.png; path = "kyle-korver.png"; sourceTree = "<group>"; };
		C3811C40175604C800353430 /* larry-bird.png */ = {isa = PBXFileReference; lastKnownFileType = image.png; path = "larry-bird.png"; sourceTree = "<group>"; };
		C3811C41175604C800353430 /* larry-hughes.png */ = {isa = PBXFileReference; lastKnownFileType = image.png; path = "larry-hughes.png"; sourceTree = "<group>"; };
		C3811C42175604C800353430 /* magic-johnson.png */ = {isa = PBXFileReference; lastKnownFileType = image.png; path = "magic-johnson.png"; sourceTree = "<group>"; };
		C3811C43175604C800353430 /* marcus-camby.png */ = {isa = PBXFileReference; lastKnownFileType = image.png; path = "marcus-camby.png"; sourceTree = "<group>"; };
		C3811C44175604C800353430 /* metta-world-peace.png */ = {isa = PBXFileReference; lastKnownFileType = image.png; path = "metta-world-peace.png"; sourceTree = "<group>"; };
		C3811C45175604C800353430 /* michael-jordan.png */ = {isa = PBXFileReference; lastKnownFileType = image.png; path = "michael-jordan.png"; sourceTree = "<group>"; };
		C3811C46175604C800353430 /* mike-bibby.png */ = {isa = PBXFileReference; lastKnownFileType = image.png; path = "mike-bibby.png"; sourceTree = "<group>"; };
		C3811C47175604C800353430 /* mike-miller.png */ = {isa = PBXFileReference; lastKnownFileType = image.png; path = "mike-miller.png"; sourceTree = "<group>"; };
		C3811C48175604C800353430 /* morris-peterson.png */ = {isa = PBXFileReference; lastKnownFileType = image.png; path = "morris-peterson.png"; sourceTree = "<group>"; };
		C3811C49175604C800353430 /* nate-archibald.png */ = {isa = PBXFileReference; lastKnownFileType = image.png; path = "nate-archibald.png"; sourceTree = "<group>"; };
		C3811C4A175604C800353430 /* peja-stojakovic.png */ = {isa = PBXFileReference; lastKnownFileType = image.png; path = "peja-stojakovic.png"; sourceTree = "<group>"; };
		C3811C4B175604C800353430 /* pj-brown.png */ = {isa = PBXFileReference; lastKnownFileType = image.png; path = "pj-brown.png"; sourceTree = "<group>"; };
		C3811C4C175604C800353430 /* raja-bell.png */ = {isa = PBXFileReference; lastKnownFileType = image.png; path = "raja-bell.png"; sourceTree = "<group>"; };
		C3811C4D175604C800353430 /* rashard-lewis.png */ = {isa = PBXFileReference; lastKnownFileType = image.png; path = "rashard-lewis.png"; sourceTree = "<group>"; };
		C3811C4E175604C800353430 /* ray-allen.png */ = {isa = PBXFileReference; lastKnownFileType = image.png; path = "ray-allen.png"; sourceTree = "<group>"; };
		C3811C4F175604C800353430 /* reggie-jackson.png */ = {isa = PBXFileReference; lastKnownFileType = image.png; path = "reggie-jackson.png"; sourceTree = "<group>"; };
		C3811C50175604C800353430 /* reggie-miller.png */ = {isa = PBXFileReference; lastKnownFileType = image.png; path = "reggie-miller.png"; sourceTree = "<group>"; };
		C3811C51175604C800353430 /* rick-barry.png */ = {isa = PBXFileReference; lastKnownFileType = image.png; path = "rick-barry.png"; sourceTree = "<group>"; };
		C3811C52175604C800353430 /* rod-strickland.png */ = {isa = PBXFileReference; lastKnownFileType = image.png; path = "rod-strickland.png"; sourceTree = "<group>"; };
		C3811C53175604C800353430 /* ronnie-brewer.png */ = {isa = PBXFileReference; lastKnownFileType = image.png; path = "ronnie-brewer.png"; sourceTree = "<group>"; };
		C3811C54175604C800353430 /* russell-westbrook.png */ = {isa = PBXFileReference; lastKnownFileType = image.png; path = "russell-westbrook.png"; sourceTree = "<group>"; };
		C3811C55175604C800353430 /* ryan-anderson.png */ = {isa = PBXFileReference; lastKnownFileType = image.png; path = "ryan-anderson.png"; sourceTree = "<group>"; };
		C3811C56175604C800353430 /* scottie-pippen.png */ = {isa = PBXFileReference; lastKnownFileType = image.png; path = "scottie-pippen.png"; sourceTree = "<group>"; };
		C3811C57175604C800353430 /* shaquille-oneal.png */ = {isa = PBXFileReference; lastKnownFileType = image.png; path = "shaquille-oneal.png"; sourceTree = "<group>"; };
		C3811C58175604C800353430 /* shawn-bradley.png */ = {isa = PBXFileReference; lastKnownFileType = image.png; path = "shawn-bradley.png"; sourceTree = "<group>"; };
		C3811C59175604C800353430 /* shawn-kemp.png */ = {isa = PBXFileReference; lastKnownFileType = image.png; path = "shawn-kemp.png"; sourceTree = "<group>"; };
		C3811C5A175604C800353430 /* steve-francis.png */ = {isa = PBXFileReference; lastKnownFileType = image.png; path = "steve-francis.png"; sourceTree = "<group>"; };
		C3811C5B175604C800353430 /* steve-nash.png */ = {isa = PBXFileReference; lastKnownFileType = image.png; path = "steve-nash.png"; sourceTree = "<group>"; };
		C3811C5C175604C800353430 /* thabo-sefolosha.png */ = {isa = PBXFileReference; lastKnownFileType = image.png; path = "thabo-sefolosha.png"; sourceTree = "<group>"; };
		C3811C5D175604C800353430 /* theo-ratliff.png */ = {isa = PBXFileReference; lastKnownFileType = image.png; path = "theo-ratliff.png"; sourceTree = "<group>"; };
		C3811C5E175604C800353430 /* toney-douglas.png */ = {isa = PBXFileReference; lastKnownFileType = image.png; path = "toney-douglas.png"; sourceTree = "<group>"; };
		C3811C5F175604C800353430 /* tracy-mcgrady.png */ = {isa = PBXFileReference; lastKnownFileType = image.png; path = "tracy-mcgrady.png"; sourceTree = "<group>"; };
		C3811C60175604C800353430 /* travis-outlaw.png */ = {isa = PBXFileReference; lastKnownFileType = image.png; path = "travis-outlaw.png"; sourceTree = "<group>"; };
		C3811C61175604C800353430 /* tyreke-evans.png */ = {isa = PBXFileReference; lastKnownFileType = image.png; path = "tyreke-evans.png"; sourceTree = "<group>"; };
		C3811C62175604C800353430 /* tyson-chandler.png */ = {isa = PBXFileReference; lastKnownFileType = image.png; path = "tyson-chandler.png"; sourceTree = "<group>"; };
		C3811C63175604C800353430 /* vince-carter.png */ = {isa = PBXFileReference; lastKnownFileType = image.png; path = "vince-carter.png"; sourceTree = "<group>"; };
		C3811C64175604C800353430 /* vlade-divac.png */ = {isa = PBXFileReference; lastKnownFileType = image.png; path = "vlade-divac.png"; sourceTree = "<group>"; };
		C3811C65175604C800353430 /* walt-bellamy.png */ = {isa = PBXFileReference; lastKnownFileType = image.png; path = "walt-bellamy.png"; sourceTree = "<group>"; };
		C3811C66175604C800353430 /* wilt-chamberlain.png */ = {isa = PBXFileReference; lastKnownFileType = image.png; path = "wilt-chamberlain.png"; sourceTree = "<group>"; };
/* End PBXFileReference section */

/* Begin PBXFrameworksBuildPhase section */
		7AFFF844174FCC7000C1D4D8 /* Frameworks */ = {
			isa = PBXFrameworksBuildPhase;
			buildActionMask = 2147483647;
			files = (
				7AFFF84B174FCC7000C1D4D8 /* UIKit.framework in Frameworks */,
				7AFFF84D174FCC7000C1D4D8 /* Foundation.framework in Frameworks */,
				7AFFF84F174FCC7000C1D4D8 /* CoreGraphics.framework in Frameworks */,
			);
			runOnlyForDeploymentPostprocessing = 0;
		};
/* End PBXFrameworksBuildPhase section */

/* Begin PBXGroup section */
		7AF0A19D175747C7007F3E71 /* Category */ = {
			isa = PBXGroup;
			children = (
				7AF0A19E175747C7007F3E71 /* NSMutableArray+Shuffling.h */,
				7AF0A19F175747C7007F3E71 /* NSMutableArray+Shuffling.m */,
			);
			path = Category;
			sourceTree = "<group>";
		};
		7AFFF83E174FCC7000C1D4D8 = {
			isa = PBXGroup;
			children = (
				7AFFF850174FCC7000C1D4D8 /* qTrivia */,
				7AFFF849174FCC7000C1D4D8 /* Frameworks */,
				7AFFF848174FCC7000C1D4D8 /* Products */,
			);
			sourceTree = "<group>";
		};
		7AFFF848174FCC7000C1D4D8 /* Products */ = {
			isa = PBXGroup;
			children = (
				7AFFF847174FCC7000C1D4D8 /* qTrivia.app */,
			);
			name = Products;
			sourceTree = "<group>";
		};
		7AFFF849174FCC7000C1D4D8 /* Frameworks */ = {
			isa = PBXGroup;
			children = (
				7AFFF84A174FCC7000C1D4D8 /* UIKit.framework */,
				7AFFF84C174FCC7000C1D4D8 /* Foundation.framework */,
				7AFFF84E174FCC7000C1D4D8 /* CoreGraphics.framework */,
			);
			name = Frameworks;
			sourceTree = "<group>";
		};
		7AFFF850174FCC7000C1D4D8 /* qTrivia */ = {
			isa = PBXGroup;
			children = (
				7AFFF87C174FCF6500C1D4D8 /* Common */,
				7AFFF87D174FCF6500C1D4D8 /* Plist */,
				7AFFF870174FCE6F00C1D4D8 /* Classes */,
				7AFFF862174FCC7000C1D4D8 /* MainStoryboard.storyboard */,
				C35ECD46175481E700EE371B /* Resources */,
				7AFFF851174FCC7000C1D4D8 /* Supporting Files */,
			);
			path = qTrivia;
			sourceTree = "<group>";
		};
		7AFFF851174FCC7000C1D4D8 /* Supporting Files */ = {
			isa = PBXGroup;
			children = (
				7AFFF852174FCC7000C1D4D8 /* qTrivia-Info.plist */,
				7AFFF853174FCC7000C1D4D8 /* InfoPlist.strings */,
				7AFFF856174FCC7000C1D4D8 /* main.m */,
				7AFFF858174FCC7000C1D4D8 /* qTrivia-Prefix.pch */,
				7AFFF85C174FCC7000C1D4D8 /* Default.png */,
				7AFFF85E174FCC7000C1D4D8 /* Default@2x.png */,
				7AFFF860174FCC7000C1D4D8 /* Default-568h@2x.png */,
			);
			name = "Supporting Files";
			sourceTree = "<group>";
		};
		7AFFF870174FCE6F00C1D4D8 /* Classes */ = {
			isa = PBXGroup;
			children = (
				7AFFF871174FCE6F00C1D4D8 /* AppDelegate */,
				7AFFF874174FCE6F00C1D4D8 /* ViewController */,
			);
			path = Classes;
			sourceTree = "<group>";
		};
		7AFFF871174FCE6F00C1D4D8 /* AppDelegate */ = {
			isa = PBXGroup;
			children = (
				7AFFF872174FCE6F00C1D4D8 /* AppDelegate.h */,
				7AFFF873174FCE6F00C1D4D8 /* AppDelegate.m */,
			);
			path = AppDelegate;
			sourceTree = "<group>";
		};
		7AFFF874174FCE6F00C1D4D8 /* ViewController */ = {
			isa = PBXGroup;
			children = (
				7AFFF875174FCE6F00C1D4D8 /* TopViewController.h */,
				7AFFF876174FCE6F00C1D4D8 /* TopViewController.m */,
				7AFFF879174FCEE900C1D4D8 /* CategoryListViewController.h */,
				7AFFF87A174FCEE900C1D4D8 /* CategoryListViewController.m */,
				7AFFF88E174FDC0200C1D4D8 /* TriviaViewController.h */,
				7AFFF88F174FDC0200C1D4D8 /* TriviaViewController.m */,
			);
			path = ViewController;
			sourceTree = "<group>";
		};
		7AFFF87C174FCF6500C1D4D8 /* Common */ = {
			isa = PBXGroup;
			children = (
				7AF0A19D175747C7007F3E71 /* Category */,
				7AFFF884174FD0B400C1D4D8 /* Cell */,
				7AFFF880174FD01900C1D4D8 /* Helper */,
			);
			path = Common;
			sourceTree = "<group>";
		};
		7AFFF87D174FCF6500C1D4D8 /* Plist */ = {
			isa = PBXGroup;
			children = (
				7AFFF88A174FD6E900C1D4D8 /* PlaceCategory */,
				7AFFF88B174FD6E900C1D4D8 /* SportCategory */,
				7AFFF87E174FCF9600C1D4D8 /* CategoryList.plist */,
			);
			path = Plist;
			sourceTree = "<group>";
		};
		7AFFF880174FD01900C1D4D8 /* Helper */ = {
			isa = PBXGroup;
			children = (
				7AFFF881174FD01900C1D4D8 /* PlistHelper.h */,
				7AFFF882174FD01900C1D4D8 /* PlistHelper.m */,
			);
			path = Helper;
			sourceTree = "<group>";
		};
		7AFFF884174FD0B400C1D4D8 /* Cell */ = {
			isa = PBXGroup;
			children = (
				7AFFF885174FD0D300C1D4D8 /* CategoryListCell.h */,
				7AFFF886174FD0D300C1D4D8 /* CategoryListCell.m */,
				7AFFF888174FD0FB00C1D4D8 /* CategoryListCell.xib */,
			);
			path = Cell;
			sourceTree = "<group>";
		};
		7AFFF88A174FD6E900C1D4D8 /* PlaceCategory */ = {
			isa = PBXGroup;
			children = (
			);
			path = PlaceCategory;
			sourceTree = "<group>";
		};
		7AFFF88B174FD6E900C1D4D8 /* SportCategory */ = {
			isa = PBXGroup;
			children = (
				7AFFF88C174FD71900C1D4D8 /* SportCategory_1.plist */,
				7AFFF891174FDE3500C1D4D8 /* SportCategoryAnswer_1.plist */,
			);
			path = SportCategory;
			sourceTree = "<group>";
		};
		C35ECD46175481E700EE371B /* Resources */ = {
			isa = PBXGroup;
			children = (
				C35ECD7717549C4500EE371B /* ProjectAssest */,
				C35ECD47175481E700EE371B /* Sports */,
			);
			path = Resources;
			sourceTree = "<group>";
		};
		C35ECD47175481E700EE371B /* Sports */ = {
			isa = PBXGroup;
			children = (
				C3811C02175604C800353430 /* aaron_brooks.png */,
				C3811C03175604C800353430 /* adrian_dantley.png */,
				C3811C04175604C800353430 /* alex_english.png */,
				C3811C05175604C800353430 /* allen_iverson.png */,
				C3811C06175604C800353430 /* alonzo_mourning.png */,
				C3811C07175604C800353430 /* andre-miller.png */,
				C3811C08175604C800353430 /* andrei-kirilenko.png */,
				C3811C09175604C800353430 /* andrew_bogut.png */,
				C3811C0A175604C800353430 /* antawn-jamison.png */,
				C3811C0B175604C800353430 /* baron-davis.png */,
				C3811C0C175604C800353430 /* ben-gordon.png */,
				C3811C0D175604C800353430 /* bill-bradley.png */,
				C3811C0E175604C800353430 /* bill-russell.png */,
				C3811C0F175604C800353430 /* billy-cunningham.png */,
				C3811C10175604C800353430 /* bob-cousy.png */,
				C3811C11175604C800353430 /* bobby-simmons.png */,
				C3811C12175604C800353430 /* brandon-roy.png */,
				C3811C13175604C800353430 /* charles-barkley.png */,
				C3811C14175604C800353430 /* chris-mullin.png */,
				C3811C15175604C800353430 /* chris-paul.png */,
				C3811C16175604C800353430 /* chris-webber.png */,
				C3811C17175604C800353430 /* chuck-hayes.png */,
				C3811C18175604C800353430 /* clyde-drexler.png */,
				C3811C19175604C800353430 /* connie-hawkins.png */,
				C3811C1A175604C800353430 /* damon-stoudamire.png */,
				C3811C1B175604C800353430 /* dan-issel.png */,
				C3811C1C175604C800353430 /* dave-bing.png */,
				C3811C1D175604C800353430 /* dave-debusschere.png */,
				C3811C1E175604C800353430 /* david-robinson.png */,
				C3811C1F175604C800353430 /* deandre-liggins.png */,
				C3811C20175604C800353430 /* dennis-johnson.png */,
				C3811C21175604C800353430 /* dennis-rodman.png */,
				C3811C22175604C800353430 /* derek-fisher.png */,
				C3811C23175604C800353430 /* dikembe-mutombo.png */,
				C3811C24175604C800353430 /* don-barksdale.png */,
				C3811C25175604C800353430 /* dorell-wright.png */,
				C3811C26175604C800353430 /* doug-christie.png */,
				C3811C27175604C800353430 /* dwight-howard.png */,
				C3811C28175604C800353430 /* eddie-jones.png */,
				C3811C29175604C800353430 /* elgin-baylor.png */,
				C3811C2A175604C800353430 /* emeka-okafor.png */,
				C3811C2B175604C800353430 /* gary-payton.png */,
				C3811C2C175604C800353430 /* george-gervin.png */,
				C3811C2D175604C800353430 /* hakeem-olajuwon.png */,
				C3811C2E175604C800353430 /* jamaal-wilkes.png */,
				C3811C2F175604C800353430 /* jason-kidd.png */,
				C3811C30175604C800353430 /* jason-richardson.png */,
				C3811C31175604C800353430 /* jason-terry.png */,
				C3811C32175604C800353430 /* jeremy-lamb.png */,
				C3811C33175604C800353430 /* jerry-west.png */,
				C3811C34175604C800353430 /* joe-dumars.png */,
				C3811C35175604C800353430 /* john-salmons.png */,
				C3811C36175604C800353430 /* john-stockton.png */,
				C3811C37175604C800353430 /* jose-calderon.png */,
				C3811C38175604C800353430 /* jr-smith.png */,
				C3811C39175604C800353430 /* julius-erving.png */,
				C3811C3A175604C800353430 /* kareem-abdul-jabbar.png */,
				C3811C3B175604C800353430 /* karl-malone.png */,
				C3811C3C175604C800353430 /* kevin-durant.png */,
				C3811C3D175604C800353430 /* kevin-garnett.png */,
				C3811C3E175604C800353430 /* kevin-love.png */,
				C3811C3F175604C800353430 /* kyle-korver.png */,
				C3811C40175604C800353430 /* larry-bird.png */,
				C3811C41175604C800353430 /* larry-hughes.png */,
				C3811C42175604C800353430 /* magic-johnson.png */,
				C3811C43175604C800353430 /* marcus-camby.png */,
				C3811C44175604C800353430 /* metta-world-peace.png */,
				C3811C45175604C800353430 /* michael-jordan.png */,
				C3811C46175604C800353430 /* mike-bibby.png */,
				C3811C47175604C800353430 /* mike-miller.png */,
				C3811C48175604C800353430 /* morris-peterson.png */,
				C3811C49175604C800353430 /* nate-archibald.png */,
				C3811C4A175604C800353430 /* peja-stojakovic.png */,
				C3811C4B175604C800353430 /* pj-brown.png */,
				C3811C4C175604C800353430 /* raja-bell.png */,
				C3811C4D175604C800353430 /* rashard-lewis.png */,
				C3811C4E175604C800353430 /* ray-allen.png */,
				C3811C4F175604C800353430 /* reggie-jackson.png */,
				C3811C50175604C800353430 /* reggie-miller.png */,
				C3811C51175604C800353430 /* rick-barry.png */,
				C3811C52175604C800353430 /* rod-strickland.png */,
				C3811C53175604C800353430 /* ronnie-brewer.png */,
				C3811C54175604C800353430 /* russell-westbrook.png */,
				C3811C55175604C800353430 /* ryan-anderson.png */,
				C3811C56175604C800353430 /* scottie-pippen.png */,
				C3811C57175604C800353430 /* shaquille-oneal.png */,
				C3811C58175604C800353430 /* shawn-bradley.png */,
				C3811C59175604C800353430 /* shawn-kemp.png */,
				C3811C5A175604C800353430 /* steve-francis.png */,
				C3811C5B175604C800353430 /* steve-nash.png */,
				C3811C5C175604C800353430 /* thabo-sefolosha.png */,
				C3811C5D175604C800353430 /* theo-ratliff.png */,
				C3811C5E175604C800353430 /* toney-douglas.png */,
				C3811C5F175604C800353430 /* tracy-mcgrady.png */,
				C3811C60175604C800353430 /* travis-outlaw.png */,
				C3811C61175604C800353430 /* tyreke-evans.png */,
				C3811C62175604C800353430 /* tyson-chandler.png */,
				C3811C63175604C800353430 /* vince-carter.png */,
				C3811C64175604C800353430 /* vlade-divac.png */,
				C3811C65175604C800353430 /* walt-bellamy.png */,
				C3811C66175604C800353430 /* wilt-chamberlain.png */,
				C35ECDBE1754A6F700EE371B /* chris_kaman.png */,
				C35ECDBA1754A5AA00EE371B /* chauncey_billups.png */,
				C35ECDBB1754A5AB00EE371B /* tayshaun_prince.png */,
				C35ECDB21754A4E500EE371B /* ben_wallace.png */,
				C35ECDB31754A4E500EE371B /* grant_hill.png */,
				C35ECDB41754A4E500EE371B /* isiah_thomas.png */,
				C35ECDB51754A4E600EE371B /* richard_hamilton.png */,
				C35ECDAC1754A09900EE371B /* allan_houston.png */,
				C35ECDAD1754A09900EE371B /* david_lee.png */,
				C35ECDAE1754A09900EE371B /* kurt_thomas.png */,
				C35ECD7C17549FDF00EE371B /* jamal_crawford.png */,
				C35ECD7D17549FDF00EE371B /* patrick_ewing.png */,
				C35ECD7E17549FDF00EE371B /* stephon_marbury.png */,
				C35ECD7F17549FDF00EE371B /* willis_reed.png */,
				C35ECD8017549FDF00EE371B /* artis_gilmore.png */,
				C35ECD8117549FDF00EE371B /* bob_love.png */,
				C35ECD8217549FDF00EE371B /* horace_grant.png */,
				C35ECD8317549FDF00EE371B /* jerry_sloan.png */,
				C35ECD8417549FDF00EE371B /* boris_diaw.png */,
				C35ECD8517549FDF00EE371B /* dj_augustin.png */,
				C35ECD8617549FDF00EE371B /* raymond_felton.png */,
				C35ECD8717549FDF00EE371B /* stephen_jackson.png */,
				C35ECD8817549FDF00EE371B /* austin_carr.png */,
				C35ECD8917549FDF00EE371B /* brad_daugherty.png */,
				C35ECD8A17549FDF00EE371B /* larry_nance.png */,
				C35ECD8B17549FDF00EE371B /* mark_price.png */,
				C35ECD8C17549FDF00EE371B /* dave_cowens.png */,
				C35ECD8D17549FDF00EE371B /* john_havlicek.png */,
				C35ECD8E17549FDF00EE371B /* kevin_mchale.png */,
				C35ECD8F17549FDF00EE371B /* robert_parish.png */,
				C35ECD9017549FDF00EE371B /* bob_pettit.png */,
				C35ECD9117549FDF00EE371B /* dominique_wilkins.png */,
				C35ECD9217549FDF00EE371B /* lou_hudson.png */,
				C35ECD9317549FDF00EE371B /* shareef.png */,
			);
			path = Sports;
			sourceTree = "<group>";
		};
		C35ECD7717549C4500EE371B /* ProjectAssest */ = {
			isa = PBXGroup;
			children = (
				C35ECD7817549C4700EE371B /* buttonImage.png */,
				C35ECD7917549C4700EE371B /* categoryImages_back.png */,
			);
			path = ProjectAssest;
			sourceTree = "<group>";
		};
/* End PBXGroup section */

/* Begin PBXNativeTarget section */
		7AFFF846174FCC7000C1D4D8 /* qTrivia */ = {
			isa = PBXNativeTarget;
			buildConfigurationList = 7AFFF86A174FCC7000C1D4D8 /* Build configuration list for PBXNativeTarget "qTrivia" */;
			buildPhases = (
				7AFFF843174FCC7000C1D4D8 /* Sources */,
				7AFFF844174FCC7000C1D4D8 /* Frameworks */,
				7AFFF845174FCC7000C1D4D8 /* Resources */,
			);
			buildRules = (
			);
			dependencies = (
			);
			name = qTrivia;
			productName = qTrivia;
			productReference = 7AFFF847174FCC7000C1D4D8 /* qTrivia.app */;
			productType = "com.apple.product-type.application";
		};
/* End PBXNativeTarget section */

/* Begin PBXProject section */
		7AFFF83F174FCC7000C1D4D8 /* Project object */ = {
			isa = PBXProject;
			attributes = {
				LastUpgradeCheck = 0460;
				ORGANIZATIONNAME = "Edgar Jan Balangue";
			};
			buildConfigurationList = 7AFFF842174FCC7000C1D4D8 /* Build configuration list for PBXProject "qTrivia" */;
			compatibilityVersion = "Xcode 3.2";
			developmentRegion = English;
			hasScannedForEncodings = 0;
			knownRegions = (
				en,
			);
			mainGroup = 7AFFF83E174FCC7000C1D4D8;
			productRefGroup = 7AFFF848174FCC7000C1D4D8 /* Products */;
			projectDirPath = "";
			projectRoot = "";
			targets = (
				7AFFF846174FCC7000C1D4D8 /* qTrivia */,
			);
		};
/* End PBXProject section */

/* Begin PBXResourcesBuildPhase section */
		7AFFF845174FCC7000C1D4D8 /* Resources */ = {
			isa = PBXResourcesBuildPhase;
			buildActionMask = 2147483647;
			files = (
				7AFFF855174FCC7000C1D4D8 /* InfoPlist.strings in Resources */,
				7AFFF85D174FCC7000C1D4D8 /* Default.png in Resources */,
				7AFFF85F174FCC7000C1D4D8 /* Default@2x.png in Resources */,
				7AFFF861174FCC7000C1D4D8 /* Default-568h@2x.png in Resources */,
				7AFFF864174FCC7000C1D4D8 /* MainStoryboard.storyboard in Resources */,
				7AFFF87F174FCF9600C1D4D8 /* CategoryList.plist in Resources */,
				7AFFF889174FD0FB00C1D4D8 /* CategoryListCell.xib in Resources */,
				7AFFF88D174FD71900C1D4D8 /* SportCategory_1.plist in Resources */,
				7AFFF892174FDE3500C1D4D8 /* SportCategoryAnswer_1.plist in Resources */,
				C35ECD7A17549C4700EE371B /* buttonImage.png in Resources */,
				C35ECD7B17549C4700EE371B /* categoryImages_back.png in Resources */,
				C35ECD9417549FDF00EE371B /* jamal_crawford.png in Resources */,
				C35ECD9517549FDF00EE371B /* patrick_ewing.png in Resources */,
				C35ECD9617549FDF00EE371B /* stephon_marbury.png in Resources */,
				C35ECD9717549FDF00EE371B /* willis_reed.png in Resources */,
				C35ECD9817549FDF00EE371B /* artis_gilmore.png in Resources */,
				C35ECD9917549FDF00EE371B /* bob_love.png in Resources */,
				C35ECD9A17549FDF00EE371B /* horace_grant.png in Resources */,
				C35ECD9B17549FDF00EE371B /* jerry_sloan.png in Resources */,
				C35ECD9C17549FDF00EE371B /* boris_diaw.png in Resources */,
				C35ECD9D17549FDF00EE371B /* dj_augustin.png in Resources */,
				C35ECD9E17549FDF00EE371B /* raymond_felton.png in Resources */,
				C35ECD9F17549FDF00EE371B /* stephen_jackson.png in Resources */,
				C35ECDA017549FDF00EE371B /* austin_carr.png in Resources */,
				C35ECDA117549FDF00EE371B /* brad_daugherty.png in Resources */,
				C35ECDA217549FDF00EE371B /* larry_nance.png in Resources */,
				C35ECDA317549FDF00EE371B /* mark_price.png in Resources */,
				C35ECDA417549FDF00EE371B /* dave_cowens.png in Resources */,
				C35ECDA517549FDF00EE371B /* john_havlicek.png in Resources */,
				C35ECDA617549FDF00EE371B /* kevin_mchale.png in Resources */,
				C35ECDA717549FDF00EE371B /* robert_parish.png in Resources */,
				C35ECDA817549FDF00EE371B /* bob_pettit.png in Resources */,
				C35ECDA917549FDF00EE371B /* dominique_wilkins.png in Resources */,
				C35ECDAA17549FDF00EE371B /* lou_hudson.png in Resources */,
				C35ECDAB17549FDF00EE371B /* shareef.png in Resources */,
				C35ECDAF1754A09900EE371B /* allan_houston.png in Resources */,
				C35ECDB01754A09900EE371B /* david_lee.png in Resources */,
				C35ECDB11754A09900EE371B /* kurt_thomas.png in Resources */,
				C35ECDB61754A4E600EE371B /* ben_wallace.png in Resources */,
				C35ECDB71754A4E600EE371B /* grant_hill.png in Resources */,
				C35ECDB81754A4E600EE371B /* isiah_thomas.png in Resources */,
				C35ECDB91754A4E600EE371B /* richard_hamilton.png in Resources */,
				C35ECDBC1754A5AB00EE371B /* chauncey_billups.png in Resources */,
				C35ECDBD1754A5AB00EE371B /* tayshaun_prince.png in Resources */,
				C35ECDBF1754A6F700EE371B /* chris_kaman.png in Resources */,
				C3811C67175604C800353430 /* aaron_brooks.png in Resources */,
				C3811C68175604C800353430 /* adrian_dantley.png in Resources */,
				C3811C69175604C800353430 /* alex_english.png in Resources */,
				C3811C6A175604C800353430 /* allen_iverson.png in Resources */,
				C3811C6B175604C800353430 /* alonzo_mourning.png in Resources */,
				C3811C6C175604C800353430 /* andre-miller.png in Resources */,
				C3811C6D175604C800353430 /* andrei-kirilenko.png in Resources */,
				C3811C6E175604C800353430 /* andrew_bogut.png in Resources */,
				C3811C6F175604C800353430 /* antawn-jamison.png in Resources */,
				C3811C70175604C800353430 /* baron-davis.png in Resources */,
				C3811C71175604C800353430 /* ben-gordon.png in Resources */,
				C3811C72175604C800353430 /* bill-bradley.png in Resources */,
				C3811C73175604C800353430 /* bill-russell.png in Resources */,
				C3811C74175604C800353430 /* billy-cunningham.png in Resources */,
				C3811C75175604C800353430 /* bob-cousy.png in Resources */,
				C3811C76175604C800353430 /* bobby-simmons.png in Resources */,
				C3811C77175604C800353430 /* brandon-roy.png in Resources */,
				C3811C78175604C800353430 /* charles-barkley.png in Resources */,
				C3811C79175604C800353430 /* chris-mullin.png in Resources */,
				C3811C7A175604C800353430 /* chris-paul.png in Resources */,
				C3811C7B175604C800353430 /* chris-webber.png in Resources */,
				C3811C7C175604C800353430 /* chuck-hayes.png in Resources */,
				C3811C7D175604C800353430 /* clyde-drexler.png in Resources */,
				C3811C7E175604C800353430 /* connie-hawkins.png in Resources */,
				C3811C7F175604C800353430 /* damon-stoudamire.png in Resources */,
				C3811C80175604C800353430 /* dan-issel.png in Resources */,
				C3811C81175604C800353430 /* dave-bing.png in Resources */,
				C3811C82175604C800353430 /* dave-debusschere.png in Resources */,
				C3811C83175604C800353430 /* david-robinson.png in Resources */,
				C3811C84175604C800353430 /* deandre-liggins.png in Resources */,
				C3811C85175604C800353430 /* dennis-johnson.png in Resources */,
				C3811C86175604C800353430 /* dennis-rodman.png in Resources */,
				C3811C87175604C800353430 /* derek-fisher.png in Resources */,
				C3811C88175604C800353430 /* dikembe-mutombo.png in Resources */,
				C3811C89175604C800353430 /* don-barksdale.png in Resources */,
				C3811C8A175604C800353430 /* dorell-wright.png in Resources */,
				C3811C8B175604C800353430 /* doug-christie.png in Resources */,
				C3811C8C175604C800353430 /* dwight-howard.png in Resources */,
				C3811C8D175604C800353430 /* eddie-jones.png in Resources */,
				C3811C8E175604C800353430 /* elgin-baylor.png in Resources */,
				C3811C8F175604C800353430 /* emeka-okafor.png in Resources */,
				C3811C90175604C800353430 /* gary-payton.png in Resources */,
				C3811C91175604C800353430 /* george-gervin.png in Resources */,
				C3811C92175604C800353430 /* hakeem-olajuwon.png in Resources */,
				C3811C93175604C800353430 /* jamaal-wilkes.png in Resources */,
				C3811C94175604C800353430 /* jason-kidd.png in Resources */,
				C3811C95175604C800353430 /* jason-richardson.png in Resources */,
				C3811C96175604C800353430 /* jason-terry.png in Resources */,
				C3811C97175604C800353430 /* jeremy-lamb.png in Resources */,
				C3811C98175604C800353430 /* jerry-west.png in Resources */,
				C3811C99175604C800353430 /* joe-dumars.png in Resources */,
				C3811C9A175604C800353430 /* john-salmons.png in Resources */,
				C3811C9B175604C800353430 /* john-stockton.png in Resources */,
				C3811C9C175604C800353430 /* jose-calderon.png in Resources */,
				C3811C9D175604C800353430 /* jr-smith.png in Resources */,
				C3811C9E175604C800353430 /* julius-erving.png in Resources */,
				C3811C9F175604C800353430 /* kareem-abdul-jabbar.png in Resources */,
				C3811CA0175604C800353430 /* karl-malone.png in Resources */,
				C3811CA1175604C800353430 /* kevin-durant.png in Resources */,
				C3811CA2175604C800353430 /* kevin-garnett.png in Resources */,
				C3811CA3175604C800353430 /* kevin-love.png in Resources */,
				C3811CA4175604C800353430 /* kyle-korver.png in Resources */,
				C3811CA5175604C800353430 /* larry-bird.png in Resources */,
				C3811CA6175604C800353430 /* larry-hughes.png in Resources */,
				C3811CA7175604C800353430 /* magic-johnson.png in Resources */,
				C3811CA8175604C800353430 /* marcus-camby.png in Resources */,
				C3811CA9175604C800353430 /* metta-world-peace.png in Resources */,
				C3811CAA175604C800353430 /* michael-jordan.png in Resources */,
				C3811CAB175604C800353430 /* mike-bibby.png in Resources */,
				C3811CAC175604C800353430 /* mike-miller.png in Resources */,
				C3811CAD175604C800353430 /* morris-peterson.png in Resources */,
				C3811CAE175604C800353430 /* nate-archibald.png in Resources */,
				C3811CAF175604C800353430 /* peja-stojakovic.png in Resources */,
				C3811CB0175604C800353430 /* pj-brown.png in Resources */,
				C3811CB1175604C800353430 /* raja-bell.png in Resources */,
				C3811CB2175604C800353430 /* rashard-lewis.png in Resources */,
				C3811CB3175604C800353430 /* ray-allen.png in Resources */,
				C3811CB4175604C800353430 /* reggie-jackson.png in Resources */,
				C3811CB5175604C800353430 /* reggie-miller.png in Resources */,
				C3811CB6175604C800353430 /* rick-barry.png in Resources */,
				C3811CB7175604C800353430 /* rod-strickland.png in Resources */,
				C3811CB8175604C800353430 /* ronnie-brewer.png in Resources */,
				C3811CB9175604C800353430 /* russell-westbrook.png in Resources */,
				C3811CBA175604C800353430 /* ryan-anderson.png in Resources */,
				C3811CBB175604C800353430 /* scottie-pippen.png in Resources */,
				C3811CBC175604C800353430 /* shaquille-oneal.png in Resources */,
				C3811CBD175604C800353430 /* shawn-bradley.png in Resources */,
				C3811CBE175604C800353430 /* shawn-kemp.png in Resources */,
				C3811CBF175604C800353430 /* steve-francis.png in Resources */,
				C3811CC0175604C800353430 /* steve-nash.png in Resources */,
				C3811CC1175604C800353430 /* thabo-sefolosha.png in Resources */,
				C3811CC2175604C800353430 /* theo-ratliff.png in Resources */,
				C3811CC3175604C800353430 /* toney-douglas.png in Resources */,
				C3811CC4175604C800353430 /* tracy-mcgrady.png in Resources */,
				C3811CC5175604C800353430 /* travis-outlaw.png in Resources */,
				C3811CC6175604C800353430 /* tyreke-evans.png in Resources */,
				C3811CC7175604C800353430 /* tyson-chandler.png in Resources */,
				C3811CC8175604C800353430 /* vince-carter.png in Resources */,
				C3811CC9175604C800353430 /* vlade-divac.png in Resources */,
				C3811CCA175604C800353430 /* walt-bellamy.png in Resources */,
				C3811CCB175604C800353430 /* wilt-chamberlain.png in Resources */,
			);
			runOnlyForDeploymentPostprocessing = 0;
		};
/* End PBXResourcesBuildPhase section */

/* Begin PBXSourcesBuildPhase section */
		7AFFF843174FCC7000C1D4D8 /* Sources */ = {
			isa = PBXSourcesBuildPhase;
			buildActionMask = 2147483647;
			files = (
				7AFFF857174FCC7000C1D4D8 /* main.m in Sources */,
				7AFFF877174FCE6F00C1D4D8 /* AppDelegate.m in Sources */,
				7AFFF878174FCE6F00C1D4D8 /* TopViewController.m in Sources */,
				7AFFF87B174FCEE900C1D4D8 /* CategoryListViewController.m in Sources */,
				7AFFF883174FD01900C1D4D8 /* PlistHelper.m in Sources */,
				7AFFF887174FD0D300C1D4D8 /* CategoryListCell.m in Sources */,
				7AFFF890174FDC0200C1D4D8 /* TriviaViewController.m in Sources */,
				7AF0A1A0175747C7007F3E71 /* NSMutableArray+Shuffling.m in Sources */,
			);
			runOnlyForDeploymentPostprocessing = 0;
		};
/* End PBXSourcesBuildPhase section */

/* Begin PBXVariantGroup section */
		7AFFF853174FCC7000C1D4D8 /* InfoPlist.strings */ = {
			isa = PBXVariantGroup;
			children = (
				7AFFF854174FCC7000C1D4D8 /* en */,
			);
			name = InfoPlist.strings;
			sourceTree = "<group>";
		};
		7AFFF862174FCC7000C1D4D8 /* MainStoryboard.storyboard */ = {
			isa = PBXVariantGroup;
			children = (
				7AFFF863174FCC7000C1D4D8 /* en */,
			);
			name = MainStoryboard.storyboard;
			sourceTree = "<group>";
		};
/* End PBXVariantGroup section */

/* Begin XCBuildConfiguration section */
		7AFFF868174FCC7000C1D4D8 /* Debug */ = {
			isa = XCBuildConfiguration;
			buildSettings = {
				ALWAYS_SEARCH_USER_PATHS = NO;
				CLANG_CXX_LANGUAGE_STANDARD = "gnu++0x";
				CLANG_CXX_LIBRARY = "libc++";
				CLANG_ENABLE_OBJC_ARC = YES;
				CLANG_WARN_CONSTANT_CONVERSION = YES;
				CLANG_WARN_EMPTY_BODY = YES;
				CLANG_WARN_ENUM_CONVERSION = YES;
				CLANG_WARN_INT_CONVERSION = YES;
				CLANG_WARN__DUPLICATE_METHOD_MATCH = YES;
				"CODE_SIGN_IDENTITY[sdk=iphoneos*]" = "iPhone Developer";
				COPY_PHASE_STRIP = NO;
				GCC_C_LANGUAGE_STANDARD = gnu99;
				GCC_DYNAMIC_NO_PIC = NO;
				GCC_OPTIMIZATION_LEVEL = 0;
				GCC_PREPROCESSOR_DEFINITIONS = (
					"DEBUG=1",
					"$(inherited)",
				);
				GCC_SYMBOLS_PRIVATE_EXTERN = NO;
				GCC_WARN_ABOUT_RETURN_TYPE = YES;
				GCC_WARN_UNINITIALIZED_AUTOS = YES;
				GCC_WARN_UNUSED_VARIABLE = YES;
				IPHONEOS_DEPLOYMENT_TARGET = 5.0;
				ONLY_ACTIVE_ARCH = YES;
				SDKROOT = iphoneos;
			};
			name = Debug;
		};
		7AFFF869174FCC7000C1D4D8 /* Release */ = {
			isa = XCBuildConfiguration;
			buildSettings = {
				ALWAYS_SEARCH_USER_PATHS = NO;
				CLANG_CXX_LANGUAGE_STANDARD = "gnu++0x";
				CLANG_CXX_LIBRARY = "libc++";
				CLANG_ENABLE_OBJC_ARC = YES;
				CLANG_WARN_CONSTANT_CONVERSION = YES;
				CLANG_WARN_EMPTY_BODY = YES;
				CLANG_WARN_ENUM_CONVERSION = YES;
				CLANG_WARN_INT_CONVERSION = YES;
				CLANG_WARN__DUPLICATE_METHOD_MATCH = YES;
				"CODE_SIGN_IDENTITY[sdk=iphoneos*]" = "iPhone Developer";
				COPY_PHASE_STRIP = YES;
				GCC_C_LANGUAGE_STANDARD = gnu99;
				GCC_WARN_ABOUT_RETURN_TYPE = YES;
				GCC_WARN_UNINITIALIZED_AUTOS = YES;
				GCC_WARN_UNUSED_VARIABLE = YES;
				IPHONEOS_DEPLOYMENT_TARGET = 5.0;
				OTHER_CFLAGS = "-DNS_BLOCK_ASSERTIONS=1";
				SDKROOT = iphoneos;
				VALIDATE_PRODUCT = YES;
			};
			name = Release;
		};
		7AFFF86B174FCC7000C1D4D8 /* Debug */ = {
			isa = XCBuildConfiguration;
			buildSettings = {
				GCC_PRECOMPILE_PREFIX_HEADER = YES;
				GCC_PREFIX_HEADER = "qTrivia/qTrivia-Prefix.pch";
				INFOPLIST_FILE = "qTrivia/qTrivia-Info.plist";
				IPHONEOS_DEPLOYMENT_TARGET = 5.0;
				PRODUCT_NAME = "$(TARGET_NAME)";
				WRAPPER_EXTENSION = app;
			};
			name = Debug;
		};
		7AFFF86C174FCC7000C1D4D8 /* Release */ = {
			isa = XCBuildConfiguration;
			buildSettings = {
				GCC_PRECOMPILE_PREFIX_HEADER = YES;
				GCC_PREFIX_HEADER = "qTrivia/qTrivia-Prefix.pch";
				INFOPLIST_FILE = "qTrivia/qTrivia-Info.plist";
				IPHONEOS_DEPLOYMENT_TARGET = 5.0;
				PRODUCT_NAME = "$(TARGET_NAME)";
				WRAPPER_EXTENSION = app;
			};
			name = Release;
		};
/* End XCBuildConfiguration section */

/* Begin XCConfigurationList section */
		7AFFF842174FCC7000C1D4D8 /* Build configuration list for PBXProject "qTrivia" */ = {
			isa = XCConfigurationList;
			buildConfigurations = (
				7AFFF868174FCC7000C1D4D8 /* Debug */,
				7AFFF869174FCC7000C1D4D8 /* Release */,
			);
			defaultConfigurationIsVisible = 0;
			defaultConfigurationName = Release;
		};
		7AFFF86A174FCC7000C1D4D8 /* Build configuration list for PBXNativeTarget "qTrivia" */ = {
			isa = XCConfigurationList;
			buildConfigurations = (
				7AFFF86B174FCC7000C1D4D8 /* Debug */,
				7AFFF86C174FCC7000C1D4D8 /* Release */,
			);
			defaultConfigurationIsVisible = 0;
			defaultConfigurationName = Release;
		};
/* End XCConfigurationList section */
	};
	rootObject = 7AFFF83F174FCC7000C1D4D8 /* Project object */;
}
